
Microsoft Visual Studio Solution File, Format Version 12.00
# Visual Studio Version 16
VisualStudioVersion = 16.0.31129.286
MinimumVisualStudioVersion = 10.0.40219.1
Project("{FAE04EC0-301F-11D3-BF4B-00C04F79EFBC}") = "DelayedShutdown", "DelayedShutdown\DelayedShutdown.csproj", "{3E037904-3653-4889-AF98-EDFED3C5F778}"
EndProject
Global
	GlobalSection(SolutionConfigurationPlatforms) = preSolution
		Debug|Any CPU = Debug|Any CPU
		Release|Any CPU = Release|Any CPU
	EndGlobalSection
	GlobalSection(ProjectConfigurationPlatforms) = postSolution
		{3E037904-3653-4889-AF98-EDFED3C5F778}.Debug|Any CPU.ActiveCfg = Debug|Any CPU
		{3E037904-3653-4889-AF98-EDFED3C5F778}.Debug|Any CPU.Build.0 = Debug|Any CPU
		{3E037904-3653-4889-AF98-EDFED3C5F778}.Release|Any CPU.ActiveCfg = Release|Any CPU
		{3E037904-3653-4889-AF98-EDFED3C5F778}.Release|Any CPU.Build.0 = Release|Any CPU
	EndGlobalSection
	GlobalSection(SolutionProperties) = preSolution
		HideSolutionNode = FALSE
	EndGlobalSection
	GlobalSection(ExtensibilityGlobals) = postSolution
		SolutionGuid = {630C7599-2392-45B5-B2C6-8CA740E26315}
	EndGlobalSection
EndGlobal
